
Microsoft Visual Studio Solution File, Format Version 12.00
# Visual Studio Version 17
VisualStudioVersion = 17.7.34202.233
MinimumVisualStudioVersion = 10.0.40219.1
Project("{FAE04EC0-301F-11D3-BF4B-00C04F79EFBC}") = "VideoProcessing", "VideoProcessing.csproj", "{C6668A97-9530-412A-8792-A7176D10E267}"
EndProject
Global
	GlobalSection(SolutionConfigurationPlatforms) = preSolution
		Debug|Any CPU = Debug|Any CPU
		Release|Any CPU = Release|Any CPU
	EndGlobalSection
	GlobalSection(ProjectConfigurationPlatforms) = postSolution
		{C6668A97-9530-412A-8792-A7176D10E267}.Debug|Any CPU.ActiveCfg = Debug|Any CPU
		{C6668A97-9530-412A-8792-A7176D10E267}.Debug|Any CPU.Build.0 = Debug|Any CPU
		{C6668A97-9530-412A-8792-A7176D10E267}.Release|Any CPU.ActiveCfg = Release|Any CPU
		{C6668A97-9530-412A-8792-A7176D10E267}.Release|Any CPU.Build.0 = Release|Any CPU
	EndGlobalSection
	GlobalSection(SolutionProperties) = preSolution
		HideSolutionNode = FALSE
	EndGlobalSection
	GlobalSection(ExtensibilityGlobals) = postSolution
		SolutionGuid = {FCB2B1F0-4C14-4058-BA15-1AAE2A50F231}
	EndGlobalSection
EndGlobal
